
Microsoft Visual Studio Solution File, Format Version 12.00
# Visual Studio Version 17
VisualStudioVersion = 17.5.33530.505
MinimumVisualStudioVersion = 10.0.40219.1
Project("{FAE04EC0-301F-11D3-BF4B-00C04F79EFBC}") = "CodeWars", "CodeWars\CodeWars.csproj", "{144C61D2-A5CC-4084-B490-4523C48D5922}"
EndProject
Global
	GlobalSection(SolutionConfigurationPlatforms) = preSolution
		Debug|Any CPU = Debug|Any CPU
		Release|Any CPU = Release|Any CPU
	EndGlobalSection
	GlobalSection(ProjectConfigurationPlatforms) = postSolution
		{144C61D2-A5CC-4084-B490-4523C48D5922}.Debug|Any CPU.ActiveCfg = Debug|Any CPU
		{144C61D2-A5CC-4084-B490-4523C48D5922}.Debug|Any CPU.Build.0 = Debug|Any CPU
		{144C61D2-A5CC-4084-B490-4523C48D5922}.Release|Any CPU.ActiveCfg = Release|Any CPU
		{144C61D2-A5CC-4084-B490-4523C48D5922}.Release|Any CPU.Build.0 = Release|Any CPU
	EndGlobalSection
	GlobalSection(SolutionProperties) = preSolution
		HideSolutionNode = FALSE
	EndGlobalSection
	GlobalSection(ExtensibilityGlobals) = postSolution
		SolutionGuid = {0E957FB2-6FFC-4B4A-AE76-08A280E461A9}
	EndGlobalSection
EndGlobal
